
Microsoft Visual Studio Solution File, Format Version 12.00
# Visual Studio Version 17
VisualStudioVersion = 17.9.34701.34
MinimumVisualStudioVersion = 10.0.40219.1
Project("{FAE04EC0-301F-11D3-BF4B-00C04F79EFBC}") = "DomainModel", "DomainModel\DomainModel.csproj", "{C2265955-EFF7-4224-B7C0-DE5752CAC83A}"
EndProject
Project("{FAE04EC0-301F-11D3-BF4B-00C04F79EFBC}") = "Dal", "Dal\Dal.csproj", "{49280224-012A-4C8A-B611-92BD36C83048}"
EndProject
Project("{FAE04EC0-301F-11D3-BF4B-00C04F79EFBC}") = "ConsoleApp", "ConsoleApp\ConsoleApp.csproj", "{90A3117E-6FA2-45E3-BC5E-25C21A3070AE}"
EndProject
Global
	GlobalSection(SolutionConfigurationPlatforms) = preSolution
		Debug|Any CPU = Debug|Any CPU
		Release|Any CPU = Release|Any CPU
	EndGlobalSection
	GlobalSection(ProjectConfigurationPlatforms) = postSolution
		{C2265955-EFF7-4224-B7C0-DE5752CAC83A}.Debug|Any CPU.ActiveCfg = Debug|Any CPU
		{C2265955-EFF7-4224-B7C0-DE5752CAC83A}.Debug|Any CPU.Build.0 = Debug|Any CPU
		{C2265955-EFF7-4224-B7C0-DE5752CAC83A}.Release|Any CPU.ActiveCfg = Release|Any CPU
		{C2265955-EFF7-4224-B7C0-DE5752CAC83A}.Release|Any CPU.Build.0 = Release|Any CPU
		{49280224-012A-4C8A-B611-92BD36C83048}.Debug|Any CPU.ActiveCfg = Debug|Any CPU
		{49280224-012A-4C8A-B611-92BD36C83048}.Debug|Any CPU.Build.0 = Debug|Any CPU
		{49280224-012A-4C8A-B611-92BD36C83048}.Release|Any CPU.ActiveCfg = Release|Any CPU
		{49280224-012A-4C8A-B611-92BD36C83048}.Release|Any CPU.Build.0 = Release|Any CPU
		{90A3117E-6FA2-45E3-BC5E-25C21A3070AE}.Debug|Any CPU.ActiveCfg = Debug|Any CPU
		{90A3117E-6FA2-45E3-BC5E-25C21A3070AE}.Debug|Any CPU.Build.0 = Debug|Any CPU
		{90A3117E-6FA2-45E3-BC5E-25C21A3070AE}.Release|Any CPU.ActiveCfg = Release|Any CPU
		{90A3117E-6FA2-45E3-BC5E-25C21A3070AE}.Release|Any CPU.Build.0 = Release|Any CPU
	EndGlobalSection
	GlobalSection(SolutionProperties) = preSolution
		HideSolutionNode = FALSE
	EndGlobalSection
	GlobalSection(ExtensibilityGlobals) = postSolution
		SolutionGuid = {0BE52977-3253-4B4C-B667-4C410B4151D8}
	EndGlobalSection
EndGlobal
